
Microsoft Visual Studio Solution File, Format Version 9.00
# Visual Studio 2005
Project("{8BC9CEB8-8B4A-11D0-8D11-00A0C91BC942}") = "wiiinputTest", "wiiinputTest.vcproj", "{B70DD32E-08F3-4C78-9F52-772DCBA690D4}"
	ProjectSection(ProjectDependencies) = postProject
		{0905DF09-61DC-4F9D-A65F-A94885B4B655} = {0905DF09-61DC-4F9D-A65F-A94885B4B655}
	EndProjectSection
EndProject
Project("{8BC9CEB8-8B4A-11D0-8D11-00A0C91BC942}") = "wiimoteInput", "..\wiimoteInput\wiimoteInput.vcproj", "{0905DF09-61DC-4F9D-A65F-A94885B4B655}"
EndProject
Global
	GlobalSection(SolutionConfigurationPlatforms) = preSolution
		Debug|Win32 = Debug|Win32
		Release|Win32 = Release|Win32
	EndGlobalSection
	GlobalSection(ProjectConfigurationPlatforms) = postSolution
		{B70DD32E-08F3-4C78-9F52-772DCBA690D4}.Debug|Win32.ActiveCfg = Debug|Win32
		{B70DD32E-08F3-4C78-9F52-772DCBA690D4}.Debug|Win32.Build.0 = Debug|Win32
		{B70DD32E-08F3-4C78-9F52-772DCBA690D4}.Release|Win32.ActiveCfg = Release|Win32
		{B70DD32E-08F3-4C78-9F52-772DCBA690D4}.Release|Win32.Build.0 = Release|Win32
		{0905DF09-61DC-4F9D-A65F-A94885B4B655}.Debug|Win32.ActiveCfg = Debug|Win32
		{0905DF09-61DC-4F9D-A65F-A94885B4B655}.Debug|Win32.Build.0 = Debug|Win32
		{0905DF09-61DC-4F9D-A65F-A94885B4B655}.Release|Win32.ActiveCfg = Release|Win32
		{0905DF09-61DC-4F9D-A65F-A94885B4B655}.Release|Win32.Build.0 = Release|Win32
	EndGlobalSection
	GlobalSection(SolutionProperties) = preSolution
		HideSolutionNode = FALSE
	EndGlobalSection
EndGlobal
